
Microsoft Visual Studio Solution File, Format Version 12.00
# Visual Studio 15
VisualStudioVersion = 15.0.27130.2024
MinimumVisualStudioVersion = 10.0.40219.1
Project("{FAE04EC0-301F-11D3-BF4B-00C04F79EFBC}") = "XamarinFormSandbox.Android", "XamarinFormSandbox\XamarinFormSandbox.Android\XamarinFormSandbox.Android.csproj", "{C4F45E72-33C7-4778-9780-BBEA71D9F49A}"
EndProject
Project("{FAE04EC0-301F-11D3-BF4B-00C04F79EFBC}") = "XamarinFormSandbox.iOS", "XamarinFormSandbox\XamarinFormSandbox.iOS\XamarinFormSandbox.iOS.csproj", "{5E970A9E-EB0C-4E6F-A235-E7CF310A8912}"
EndProject
Project("{FAE04EC0-301F-11D3-BF4B-00C04F79EFBC}") = "XamarinFormSandbox", "XamarinFormSandbox\XamarinFormSandbox\XamarinFormSandbox.csproj", "{8B8E43A1-223A-43CA-96BF-53A5BC466132}"
EndProject
Global
	GlobalSection(SolutionConfigurationPlatforms) = preSolution
		Ad-Hoc|Any CPU = Ad-Hoc|Any CPU
		Ad-Hoc|iPhone = Ad-Hoc|iPhone
		Ad-Hoc|iPhoneSimulator = Ad-Hoc|iPhoneSimulator
		AppStore|Any CPU = AppStore|Any CPU
		AppStore|iPhone = AppStore|iPhone
		AppStore|iPhoneSimulator = AppStore|iPhoneSimulator
		Debug|Any CPU = Debug|Any CPU
		Debug|iPhone = Debug|iPhone
		Debug|iPhoneSimulator = Debug|iPhoneSimulator
		Release|Any CPU = Release|Any CPU
		Release|iPhone = Release|iPhone
		Release|iPhoneSimulator = Release|iPhoneSimulator
	EndGlobalSection
	GlobalSection(ProjectConfigurationPlatforms) = postSolution
		{C4F45E72-33C7-4778-9780-BBEA71D9F49A}.Ad-Hoc|Any CPU.ActiveCfg = Release|Any CPU
		{C4F45E72-33C7-4778-9780-BBEA71D9F49A}.Ad-Hoc|Any CPU.Build.0 = Release|Any CPU
		{C4F45E72-33C7-4778-9780-BBEA71D9F49A}.Ad-Hoc|Any CPU.Deploy.0 = Release|Any CPU
		{C4F45E72-33C7-4778-9780-BBEA71D9F49A}.Ad-Hoc|iPhone.ActiveCfg = Release|Any CPU
		{C4F45E72-33C7-4778-9780-BBEA71D9F49A}.Ad-Hoc|iPhone.Build.0 = Release|Any CPU
		{C4F45E72-33C7-4778-9780-BBEA71D9F49A}.Ad-Hoc|iPhone.Deploy.0 = Release|Any CPU
		{C4F45E72-33C7-4778-9780-BBEA71D9F49A}.Ad-Hoc|iPhoneSimulator.ActiveCfg = Release|Any CPU
		{C4F45E72-33C7-4778-9780-BBEA71D9F49A}.Ad-Hoc|iPhoneSimulator.Build.0 = Release|Any CPU
		{C4F45E72-33C7-4778-9780-BBEA71D9F49A}.Ad-Hoc|iPhoneSimulator.Deploy.0 = Release|Any CPU
		{C4F45E72-33C7-4778-9780-BBEA71D9F49A}.AppStore|Any CPU.ActiveCfg = Release|Any CPU
		{C4F45E72-33C7-4778-9780-BBEA71D9F49A}.AppStore|Any CPU.Build.0 = Release|Any CPU
		{C4F45E72-33C7-4778-9780-BBEA71D9F49A}.AppStore|Any CPU.Deploy.0 = Release|Any CPU
		{C4F45E72-33C7-4778-9780-BBEA71D9F49A}.AppStore|iPhone.ActiveCfg = Release|Any CPU
		{C4F45E72-33C7-4778-9780-BBEA71D9F49A}.AppStore|iPhone.Build.0 = Release|Any CPU
		{C4F45E72-33C7-4778-9780-BBEA71D9F49A}.AppStore|iPhone.Deploy.0 = Release|Any CPU
		{C4F45E72-33C7-4778-9780-BBEA71D9F49A}.AppStore|iPhoneSimulator.ActiveCfg = Release|Any CPU
		{C4F45E72-33C7-4778-9780-BBEA71D9F49A}.AppStore|iPhoneSimulator.Build.0 = Release|Any CPU
		{C4F45E72-33C7-4778-9780-BBEA71D9F49A}.AppStore|iPhoneSimulator.Deploy.0 = Release|Any CPU
		{C4F45E72-33C7-4778-9780-BBEA71D9F49A}.Debug|Any CPU.ActiveCfg = Debug|Any CPU
		{C4F45E72-33C7-4778-9780-BBEA71D9F49A}.Debug|Any CPU.Build.0 = Debug|Any CPU
		{C4F45E72-33C7-4778-9780-BBEA71D9F49A}.Debug|Any CPU.Deploy.0 = Debug|Any CPU
		{C4F45E72-33C7-4778-9780-BBEA71D9F49A}.Debug|iPhone.ActiveCfg = Debug|Any CPU
		{C4F45E72-33C7-4778-9780-BBEA71D9F49A}.Debug|iPhone.Build.0 = Debug|Any CPU
		{C4F45E72-33C7-4778-9780-BBEA71D9F49A}.Debug|iPhone.Deploy.0 = Debug|Any CPU
		{C4F45E72-33C7-4778-9780-BBEA71D9F49A}.Debug|iPhoneSimulator.ActiveCfg = Debug|Any CPU
		{C4F45E72-33C7-4778-9780-BBEA71D9F49A}.Debug|iPhoneSimulator.Build.0 = Debug|Any CPU
		{C4F45E72-33C7-4778-9780-BBEA71D9F49A}.Debug|iPhoneSimulator.Deploy.0 = Debug|Any CPU
		{C4F45E72-33C7-4778-9780-BBEA71D9F49A}.Release|Any CPU.ActiveCfg = Release|Any CPU
		{C4F45E72-33C7-4778-9780-BBEA71D9F49A}.Release|Any CPU.Build.0 = Release|Any CPU
		{C4F45E72-33C7-4778-9780-BBEA71D9F49A}.Release|Any CPU.Deploy.0 = Release|Any CPU
		{C4F45E72-33C7-4778-9780-BBEA71D9F49A}.Release|iPhone.ActiveCfg = Release|Any CPU
		{C4F45E72-33C7-4778-9780-BBEA71D9F49A}.Release|iPhone.Build.0 = Release|Any CPU
		{C4F45E72-33C7-4778-9780-BBEA71D9F49A}.Release|iPhone.Deploy.0 = Release|Any CPU
		{C4F45E72-33C7-4778-9780-BBEA71D9F49A}.Release|iPhoneSimulator.ActiveCfg = Release|Any CPU
		{C4F45E72-33C7-4778-9780-BBEA71D9F49A}.Release|iPhoneSimulator.Build.0 = Release|Any CPU
		{C4F45E72-33C7-4778-9780-BBEA71D9F49A}.Release|iPhoneSimulator.Deploy.0 = Release|Any CPU
		{5E970A9E-EB0C-4E6F-A235-E7CF310A8912}.Ad-Hoc|Any CPU.ActiveCfg = Ad-Hoc|iPhone
		{5E970A9E-EB0C-4E6F-A235-E7CF310A8912}.Ad-Hoc|iPhone.ActiveCfg = Ad-Hoc|iPhone
		{5E970A9E-EB0C-4E6F-A235-E7CF310A8912}.Ad-Hoc|iPhone.Build.0 = Ad-Hoc|iPhone
		{5E970A9E-EB0C-4E6F-A235-E7CF310A8912}.Ad-Hoc|iPhoneSimulator.ActiveCfg = Ad-Hoc|iPhoneSimulator
		{5E970A9E-EB0C-4E6F-A235-E7CF310A8912}.Ad-Hoc|iPhoneSimulator.Build.0 = Ad-Hoc|iPhoneSimulator
		{5E970A9E-EB0C-4E6F-A235-E7CF310A8912}.AppStore|Any CPU.ActiveCfg = AppStore|iPhone
		{5E970A9E-EB0C-4E6F-A235-E7CF310A8912}.AppStore|iPhone.ActiveCfg = AppStore|iPhone
		{5E970A9E-EB0C-4E6F-A235-E7CF310A8912}.AppStore|iPhone.Build.0 = AppStore|iPhone
		{5E970A9E-EB0C-4E6F-A235-E7CF310A8912}.AppStore|iPhoneSimulator.ActiveCfg = AppStore|iPhoneSimulator
		{5E970A9E-EB0C-4E6F-A235-E7CF310A8912}.AppStore|iPhoneSimulator.Build.0 = AppStore|iPhoneSimulator
		{5E970A9E-EB0C-4E6F-A235-E7CF310A8912}.Debug|Any CPU.ActiveCfg = Debug|iPhone
		{5E970A9E-EB0C-4E6F-A235-E7CF310A8912}.Debug|iPhone.ActiveCfg = Debug|iPhone
		{5E970A9E-EB0C-4E6F-A235-E7CF310A8912}.Debug|iPhone.Build.0 = Debug|iPhone
		{5E970A9E-EB0C-4E6F-A235-E7CF310A8912}.Debug|iPhoneSimulator.ActiveCfg = Debug|iPhoneSimulator
		{5E970A9E-EB0C-4E6F-A235-E7CF310A8912}.Debug|iPhoneSimulator.Build.0 = Debug|iPhoneSimulator
		{5E970A9E-EB0C-4E6F-A235-E7CF310A8912}.Release|Any CPU.ActiveCfg = Release|iPhone
		{5E970A9E-EB0C-4E6F-A235-E7CF310A8912}.Release|iPhone.ActiveCfg = Release|iPhone
		{5E970A9E-EB0C-4E6F-A235-E7CF310A8912}.Release|iPhone.Build.0 = Release|iPhone
		{5E970A9E-EB0C-4E6F-A235-E7CF310A8912}.Release|iPhoneSimulator.ActiveCfg = Release|iPhoneSimulator
		{5E970A9E-EB0C-4E6F-A235-E7CF310A8912}.Release|iPhoneSimulator.Build.0 = Release|iPhoneSimulator
		{8B8E43A1-223A-43CA-96BF-53A5BC466132}.Ad-Hoc|Any CPU.ActiveCfg = Debug|Any CPU
		{8B8E43A1-223A-43CA-96BF-53A5BC466132}.Ad-Hoc|Any CPU.Build.0 = Debug|Any CPU
		{8B8E43A1-223A-43CA-96BF-53A5BC466132}.Ad-Hoc|iPhone.ActiveCfg = Debug|Any CPU
		{8B8E43A1-223A-43CA-96BF-53A5BC466132}.Ad-Hoc|iPhone.Build.0 = Debug|Any CPU
		{8B8E43A1-223A-43CA-96BF-53A5BC466132}.Ad-Hoc|iPhoneSimulator.ActiveCfg = Debug|Any CPU
		{8B8E43A1-223A-43CA-96BF-53A5BC466132}.Ad-Hoc|iPhoneSimulator.Build.0 = Debug|Any CPU
		{8B8E43A1-223A-43CA-96BF-53A5BC466132}.AppStore|Any CPU.ActiveCfg = Debug|Any CPU
		{8B8E43A1-223A-43CA-96BF-53A5BC466132}.AppStore|Any CPU.Build.0 = Debug|Any CPU
		{8B8E43A1-223A-43CA-96BF-53A5BC466132}.AppStore|iPhone.ActiveCfg = Debug|Any CPU
		{8B8E43A1-223A-43CA-96BF-53A5BC466132}.AppStore|iPhone.Build.0 = Debug|Any CPU
		{8B8E43A1-223A-43CA-96BF-53A5BC466132}.AppStore|iPhoneSimulator.ActiveCfg = Debug|Any CPU
		{8B8E43A1-223A-43CA-96BF-53A5BC466132}.AppStore|iPhoneSimulator.Build.0 = Debug|Any CPU
		{8B8E43A1-223A-43CA-96BF-53A5BC466132}.Debug|Any CPU.ActiveCfg = Debug|Any CPU
		{8B8E43A1-223A-43CA-96BF-53A5BC466132}.Debug|Any CPU.Build.0 = Debug|Any CPU
		{8B8E43A1-223A-43CA-96BF-53A5BC466132}.Debug|iPhone.ActiveCfg = Debug|Any CPU
		{8B8E43A1-223A-43CA-96BF-53A5BC466132}.Debug|iPhone.Build.0 = Debug|Any CPU
		{8B8E43A1-223A-43CA-96BF-53A5BC466132}.Debug|iPhoneSimulator.ActiveCfg = Debug|Any CPU
		{8B8E43A1-223A-43CA-96BF-53A5BC466132}.Debug|iPhoneSimulator.Build.0 = Debug|Any CPU
		{8B8E43A1-223A-43CA-96BF-53A5BC466132}.Release|Any CPU.ActiveCfg = Release|Any CPU
		{8B8E43A1-223A-43CA-96BF-53A5BC466132}.Release|Any CPU.Build.0 = Release|Any CPU
		{8B8E43A1-223A-43CA-96BF-53A5BC466132}.Release|iPhone.ActiveCfg = Release|Any CPU
		{8B8E43A1-223A-43CA-96BF-53A5BC466132}.Release|iPhone.Build.0 = Release|Any CPU
		{8B8E43A1-223A-43CA-96BF-53A5BC466132}.Release|iPhoneSimulator.ActiveCfg = Release|Any CPU
		{8B8E43A1-223A-43CA-96BF-53A5BC466132}.Release|iPhoneSimulator.Build.0 = Release|Any CPU
	EndGlobalSection
	GlobalSection(SolutionProperties) = preSolution
		HideSolutionNode = FALSE
	EndGlobalSection
	GlobalSection(ExtensibilityGlobals) = postSolution
		SolutionGuid = {309F2A7D-9BAE-4C70-A5B9-D826D73AA397}
	EndGlobalSection
EndGlobal
